
Microsoft Visual Studio Solution File, Format Version 12.00
Project("{FAE04EC0-301F-11D3-BF4B-00C04F79EFBC}") = "BudgetAppV2", "BudgetAppV2\BudgetAppV2\BudgetAppV2.csproj", "{B5162663-EFED-4885-9247-5DE80E7F0008}"
EndProject
Project("{FAE04EC0-301F-11D3-BF4B-00C04F79EFBC}") = "BudgetAppV2.Client", "BudgetAppV2\BudgetAppV2.Client\BudgetAppV2.Client.csproj", "{5EFBEC38-E185-4685-A4BE-8BB7CA025CCD}"
EndProject
Project("{FAE04EC0-301F-11D3-BF4B-00C04F79EFBC}") = "Shared", "Shared\Shared.csproj", "{E7DF4AF6-92F8-4E6B-9392-7F100CEA1022}"
EndProject
Global
	GlobalSection(SolutionConfigurationPlatforms) = preSolution
		Debug|Any CPU = Debug|Any CPU
		Release|Any CPU = Release|Any CPU
	EndGlobalSection
	GlobalSection(ProjectConfigurationPlatforms) = postSolution
		{B5162663-EFED-4885-9247-5DE80E7F0008}.Debug|Any CPU.ActiveCfg = Debug|Any CPU
		{B5162663-EFED-4885-9247-5DE80E7F0008}.Debug|Any CPU.Build.0 = Debug|Any CPU
		{B5162663-EFED-4885-9247-5DE80E7F0008}.Release|Any CPU.ActiveCfg = Release|Any CPU
		{B5162663-EFED-4885-9247-5DE80E7F0008}.Release|Any CPU.Build.0 = Release|Any CPU
		{5EFBEC38-E185-4685-A4BE-8BB7CA025CCD}.Debug|Any CPU.ActiveCfg = Debug|Any CPU
		{5EFBEC38-E185-4685-A4BE-8BB7CA025CCD}.Debug|Any CPU.Build.0 = Debug|Any CPU
		{5EFBEC38-E185-4685-A4BE-8BB7CA025CCD}.Release|Any CPU.ActiveCfg = Release|Any CPU
		{5EFBEC38-E185-4685-A4BE-8BB7CA025CCD}.Release|Any CPU.Build.0 = Release|Any CPU
		{E7DF4AF6-92F8-4E6B-9392-7F100CEA1022}.Debug|Any CPU.ActiveCfg = Debug|Any CPU
		{E7DF4AF6-92F8-4E6B-9392-7F100CEA1022}.Debug|Any CPU.Build.0 = Debug|Any CPU
		{E7DF4AF6-92F8-4E6B-9392-7F100CEA1022}.Release|Any CPU.ActiveCfg = Release|Any CPU
		{E7DF4AF6-92F8-4E6B-9392-7F100CEA1022}.Release|Any CPU.Build.0 = Release|Any CPU
	EndGlobalSection
EndGlobal
