
Microsoft Visual Studio Solution File, Format Version 12.00
Project("{FAE04EC0-301F-11D3-BF4B-00C04F79EFBC}") = "BudgetAppV2", "BudgetAppV2\BudgetAppV2\BudgetAppV2.csproj", "{5550C342-A454-41FB-AAF5-0F4043B3556C}"
EndProject
Project("{FAE04EC0-301F-11D3-BF4B-00C04F79EFBC}") = "BudgetAppV2.Client", "BudgetAppV2\BudgetAppV2.Client\BudgetAppV2.Client.csproj", "{ED23A068-1324-418F-A833-29FDDFBCE265}"
EndProject
Global
	GlobalSection(SolutionConfigurationPlatforms) = preSolution
		Debug|Any CPU = Debug|Any CPU
		Release|Any CPU = Release|Any CPU
	EndGlobalSection
	GlobalSection(ProjectConfigurationPlatforms) = postSolution
		{5550C342-A454-41FB-AAF5-0F4043B3556C}.Debug|Any CPU.ActiveCfg = Debug|Any CPU
		{5550C342-A454-41FB-AAF5-0F4043B3556C}.Debug|Any CPU.Build.0 = Debug|Any CPU
		{5550C342-A454-41FB-AAF5-0F4043B3556C}.Release|Any CPU.ActiveCfg = Release|Any CPU
		{5550C342-A454-41FB-AAF5-0F4043B3556C}.Release|Any CPU.Build.0 = Release|Any CPU
		{ED23A068-1324-418F-A833-29FDDFBCE265}.Debug|Any CPU.ActiveCfg = Debug|Any CPU
		{ED23A068-1324-418F-A833-29FDDFBCE265}.Debug|Any CPU.Build.0 = Debug|Any CPU
		{ED23A068-1324-418F-A833-29FDDFBCE265}.Release|Any CPU.ActiveCfg = Release|Any CPU
		{ED23A068-1324-418F-A833-29FDDFBCE265}.Release|Any CPU.Build.0 = Release|Any CPU
	EndGlobalSection
EndGlobal
